<?xml version="1.0" encoding="utf-8"?>
<Project ToolsVersion="4.0" xmlns="http://schemas.microsoft.com/developer/msbuild/2003">
  <ItemGroup>
    <Filter Include="Archivos de origen">
      <UniqueIdentifier>{4FC737F1-C7A5-4376-A066-2A32D752A2FF}</UniqueIdentifier>
      <Extensions>cpp;c;cc;cxx;c++;cppm;ixx;def;odl;idl;hpj;bat;asm;asmx</Extensions>
    </Filter>
    <Filter Include="Menu">
      <UniqueIdentifier>{1018ff2f-23a0-4da0-b4c8-f0389026f312}</UniqueIdentifier>
    </Filter>
    <Filter Include="Game">
      <UniqueIdentifier>{46c6b087-b9d2-4fa7-804f-4892d4ee4b34}</UniqueIdentifier>
    </Filter>
    <Filter Include="frame">
      <UniqueIdentifier>{93995380-89BD-4b04-88EB-625FBE52EBFB}</UniqueIdentifier>
      <Extensions>h;hh;hpp;hxx;h++;hm;inl;inc;ipp;xsd</Extensions>
    </Filter>
  </ItemGroup>
  <ItemGroup>
    <ClCompile Include="Credits.cpp">
      <Filter>Menu</Filter>
    </ClCompile>
    <ClCompile Include="Instructions.cpp">
      <Filter>Menu</Filter>
    </ClCompile>
    <ClCompile Include="Menu.cpp">
      <Filter>Menu</Filter>
    </ClCompile>
    <ClCompile Include="Options.cpp">
      <Filter>Menu</Filter>
    </ClCompile>
    <ClCompile Include="Player.cpp">
      <Filter>Game</Filter>
    </ClCompile>
    <ClCompile Include="Game.cpp">
      <Filter>Game</Filter>
    </ClCompile>
    <ClCompile Include="Main.cpp">
      <Filter>frame</Filter>
    </ClCompile>
    <ClCompile Include="ScreenManager.cpp">
      <Filter>frame</Filter>
    </ClCompile>
    <ClCompile Include="Unloader.cpp">
      <Filter>frame</Filter>
    </ClCompile>
  </ItemGroup>
  <ItemGroup>
    <ClInclude Include="Main.h">
      <Filter>frame</Filter>
    </ClInclude>
    <ClInclude Include="ScreenManager.h">
      <Filter>frame</Filter>
    </ClInclude>
    <ClInclude Include="Unloader.h">
      <Filter>frame</Filter>
    </ClInclude>
    <ClInclude Include="Options.h">
      <Filter>Menu</Filter>
    </ClInclude>
    <ClInclude Include="Menu.h">
      <Filter>Menu</Filter>
    </ClInclude>
    <ClInclude Include="Instructions.h">
      <Filter>Menu</Filter>
    </ClInclude>
    <ClInclude Include="Credits.h">
      <Filter>Menu</Filter>
    </ClInclude>
    <ClInclude Include="Player.h">
      <Filter>Game</Filter>
    </ClInclude>
    <ClInclude Include="Game.h">
      <Filter>Game</Filter>
    </ClInclude>
    <ClInclude Include="Button.h">
      <Filter>frame</Filter>
    </ClInclude>
  </ItemGroup>
</Project>